
Microsoft Visual Studio Solution File, Format Version 12.00
# Visual Studio Version 17
VisualStudioVersion = 17.8.34408.163
MinimumVisualStudioVersion = 10.0.40219.1
Project("{FAE04EC0-301F-11D3-BF4B-00C04F79EFBC}") = "Indian_team", "Indian_team.csproj", "{F0A6BFB9-7948-4688-8791-96D6B5FAF355}"
EndProject
Global
	GlobalSection(SolutionConfigurationPlatforms) = preSolution
		Debug|Any CPU = Debug|Any CPU
		Release|Any CPU = Release|Any CPU
	EndGlobalSection
	GlobalSection(ProjectConfigurationPlatforms) = postSolution
		{F0A6BFB9-7948-4688-8791-96D6B5FAF355}.Debug|Any CPU.ActiveCfg = Debug|Any CPU
		{F0A6BFB9-7948-4688-8791-96D6B5FAF355}.Debug|Any CPU.Build.0 = Debug|Any CPU
		{F0A6BFB9-7948-4688-8791-96D6B5FAF355}.Release|Any CPU.ActiveCfg = Release|Any CPU
		{F0A6BFB9-7948-4688-8791-96D6B5FAF355}.Release|Any CPU.Build.0 = Release|Any CPU
	EndGlobalSection
	GlobalSection(SolutionProperties) = preSolution
		HideSolutionNode = FALSE
	EndGlobalSection
	GlobalSection(ExtensibilityGlobals) = postSolution
		SolutionGuid = {D8D5355F-85B8-4AC1-99AB-CF010B122C63}
	EndGlobalSection
EndGlobal
